
Microsoft Visual Studio Solution File, Format Version 12.00
# Visual Studio Version 17
VisualStudioVersion = 17.0.31903.59
MinimumVisualStudioVersion = 10.0.40219.1
Project("{2150E333-8FDC-42A3-9474-1A3956D46DE8}") = "Desktop", "Desktop", "{7A1224A0-F22D-34FF-DE0A-A058FAFFD90C}"
EndProject
Project("{FAE04EC0-301F-11D3-BF4B-00C04F79EFBC}") = "CatDesktop.Host", "Desktop\CatDesktop.Host\CatDesktop.Host.csproj", "{9DD20404-7F65-4E79-B710-392A4E30A0B7}"
EndProject
Global
	GlobalSection(SolutionConfigurationPlatforms) = preSolution
		Debug|Any CPU = Debug|Any CPU
		Debug|x64 = Debug|x64
		Debug|x86 = Debug|x86
		Release|Any CPU = Release|Any CPU
		Release|x64 = Release|x64
		Release|x86 = Release|x86
	EndGlobalSection
	GlobalSection(ProjectConfigurationPlatforms) = postSolution
		{9DD20404-7F65-4E79-B710-392A4E30A0B7}.Debug|Any CPU.ActiveCfg = Debug|Any CPU
		{9DD20404-7F65-4E79-B710-392A4E30A0B7}.Debug|Any CPU.Build.0 = Debug|Any CPU
		{9DD20404-7F65-4E79-B710-392A4E30A0B7}.Debug|x64.ActiveCfg = Debug|Any CPU
		{9DD20404-7F65-4E79-B710-392A4E30A0B7}.Debug|x64.Build.0 = Debug|Any CPU
		{9DD20404-7F65-4E79-B710-392A4E30A0B7}.Debug|x86.ActiveCfg = Debug|Any CPU
		{9DD20404-7F65-4E79-B710-392A4E30A0B7}.Debug|x86.Build.0 = Debug|Any CPU
		{9DD20404-7F65-4E79-B710-392A4E30A0B7}.Release|Any CPU.ActiveCfg = Release|Any CPU
		{9DD20404-7F65-4E79-B710-392A4E30A0B7}.Release|Any CPU.Build.0 = Release|Any CPU
		{9DD20404-7F65-4E79-B710-392A4E30A0B7}.Release|x64.ActiveCfg = Release|Any CPU
		{9DD20404-7F65-4E79-B710-392A4E30A0B7}.Release|x64.Build.0 = Release|Any CPU
		{9DD20404-7F65-4E79-B710-392A4E30A0B7}.Release|x86.ActiveCfg = Release|Any CPU
		{9DD20404-7F65-4E79-B710-392A4E30A0B7}.Release|x86.Build.0 = Release|Any CPU
	EndGlobalSection
	GlobalSection(SolutionProperties) = preSolution
		HideSolutionNode = FALSE
	EndGlobalSection
	GlobalSection(NestedProjects) = preSolution
		{9DD20404-7F65-4E79-B710-392A4E30A0B7} = {7A1224A0-F22D-34FF-DE0A-A058FAFFD90C}
	EndGlobalSection
EndGlobal
